// !$*UTF8*$!
{
	archiveVersion = 1;
	classes = {
	};
	objectVersion = 50;
	objects = {

/* Begin PBXBuildFile section */
		EFABF1F5253C823200808BE0 /* SleepySmurfApp.swift in Sources */ = {isa = PBXBuildFile; fileRef = EFABF1F4253C823200808BE0 /* SleepySmurfApp.swift */; };
		EFABF1F7253C823200808BE0 /* ContentView.swift in Sources */ = {isa = PBXBuildFile; fileRef = EFABF1F6253C823200808BE0 /* ContentView.swift */; };
		EFABF1F9253C823500808BE0 /* Assets.xcassets in Resources */ = {isa = PBXBuildFile; fileRef = EFABF1F8253C823500808BE0 /* Assets.xcassets */; };
		EFABF1FC253C823500808BE0 /* Preview Assets.xcassets in Resources */ = {isa = PBXBuildFile; fileRef = EFABF1FB253C823500808BE0 /* Preview Assets.xcassets */; };
		EFABF205253CE17B00808BE0 /* SleepySmurf1.mlmodel in Sources */ = {isa = PBXBuildFile; fileRef = EFABF204253CE17B00808BE0 /* SleepySmurf1.mlmodel */; };
/* End PBXBuildFile section */

/* Begin PBXFileReference section */
		EFABF1F1253C823200808BE0 /* SleepySmurf.app */ = {isa = PBXFileReference; explicitFileType = wrapper.application; includeInIndex = 0; path = SleepySmurf.app; sourceTree = BUILT_PRODUCTS_DIR; };
		EFABF1F4253C823200808BE0 /* SleepySmurfApp.swift */ = {isa = PBXFileReference; lastKnownFileType = sourcecode.swift; path = SleepySmurfApp.swift; sourceTree = "<group>"; };
		EFABF1F6253C823200808BE0 /* ContentView.swift */ = {isa = PBXFileReference; lastKnownFileType = sourcecode.swift; path = ContentView.swift; sourceTree = "<group>"; };
		EFABF1F8253C823500808BE0 /* Assets.xcassets */ = {isa = PBXFileReference; lastKnownFileType = folder.assetcatalog; path = Assets.xcassets; sourceTree = "<group>"; };
		EFABF1FB253C823500808BE0 /* Preview Assets.xcassets */ = {isa = PBXFileReference; lastKnownFileType = folder.assetcatalog; path = "Preview Assets.xcassets"; sourceTree = "<group>"; };
		EFABF1FD253C823500808BE0 /* Info.plist */ = {isa = PBXFileReference; lastKnownFileType = text.plist.xml; path = Info.plist; sourceTree = "<group>"; };
		EFABF204253CE17B00808BE0 /* SleepySmurf1.mlmodel */ = {isa = PBXFileReference; lastKnownFileType = file.mlmodel; path = SleepySmurf1.mlmodel; sourceTree = "<group>"; };
/* End PBXFileReference section */

/* Begin PBXFrameworksBuildPhase section */
		EFABF1EE253C823200808BE0 /* Frameworks */ = {
			isa = PBXFrameworksBuildPhase;
			buildActionMask = 2147483647;
			files = (
			);
			runOnlyForDeploymentPostprocessing = 0;
		};
/* End PBXFrameworksBuildPhase section */

/* Begin PBXGroup section */
		EFABF1E8253C823200808BE0 = {
			isa = PBXGroup;
			children = (
				EFABF1F3253C823200808BE0 /* SleepySmurf */,
				EFABF1F2253C823200808BE0 /* Products */,
			);
			sourceTree = "<group>";
		};
		EFABF1F2253C823200808BE0 /* Products */ = {
			isa = PBXGroup;
			children = (
				EFABF1F1253C823200808BE0 /* SleepySmurf.app */,
			);
			name = Products;
			sourceTree = "<group>";
		};
		EFABF1F3253C823200808BE0 /* SleepySmurf */ = {
			isa = PBXGroup;
			children = (
				EFABF1F4253C823200808BE0 /* SleepySmurfApp.swift */,
				EFABF1F6253C823200808BE0 /* ContentView.swift */,
				EFABF1F8253C823500808BE0 /* Assets.xcassets */,
				EFABF1FD253C823500808BE0 /* Info.plist */,
				EFABF204253CE17B00808BE0 /* SleepySmurf1.mlmodel */,
				EFABF1FA253C823500808BE0 /* Preview Content */,
			);
			path = SleepySmurf;
			sourceTree = "<group>";
		};
		EFABF1FA253C823500808BE0 /* Preview Content */ = {
			isa = PBXGroup;
			children = (
				EFABF1FB253C823500808BE0 /* Preview Assets.xcassets */,
			);
			path = "Preview Content";
			sourceTree = "<group>";
		};
/* End PBXGroup section */

/* Begin PBXNativeTarget section */
		EFABF1F0253C823200808BE0 /* SleepySmurf */ = {
			isa = PBXNativeTarget;
			buildConfigurationList = EFABF200253C823500808BE0 /* Build configuration list for PBXNativeTarget "SleepySmurf" */;
			buildPhases = (
				EFABF1ED253C823200808BE0 /* Sources */,
				EFABF1EE253C823200808BE0 /* Frameworks */,
				EFABF1EF253C823200808BE0 /* Resources */,
			);
			buildRules = (
			);
			dependencies = (
			);
			name = SleepySmurf;
			productName = SleepySmurf;
			productReference = EFABF1F1253C823200808BE0 /* SleepySmurf.app */;
			productType = "com.apple.product-type.application";
		};
/* End PBXNativeTarget section */

/* Begin PBXProject section */
		EFABF1E9253C823200808BE0 /* Project object */ = {
			isa = PBXProject;
			attributes = {
				LastSwiftUpdateCheck = 1200;
				LastUpgradeCheck = 1200;
				TargetAttributes = {
					EFABF1F0253C823200808BE0 = {
						CreatedOnToolsVersion = 12.0.1;
					};
				};
			};
			buildConfigurationList = EFABF1EC253C823200808BE0 /* Build configuration list for PBXProject "SleepySmurf" */;
			compatibilityVersion = "Xcode 9.3";
			developmentRegion = en;
			hasScannedForEncodings = 0;
			knownRegions = (
				en,
				Base,
			);
			mainGroup = EFABF1E8253C823200808BE0;
			productRefGroup = EFABF1F2253C823200808BE0 /* Products */;
			projectDirPath = "";
			projectRoot = "";
			targets = (
				EFABF1F0253C823200808BE0 /* SleepySmurf */,
			);
		};
/* End PBXProject section */

/* Begin PBXResourcesBuildPhase section */
		EFABF1EF253C823200808BE0 /* Resources */ = {
			isa = PBXResourcesBuildPhase;
			buildActionMask = 2147483647;
			files = (
				EFABF1FC253C823500808BE0 /* Preview Assets.xcassets in Resources */,
				EFABF1F9253C823500808BE0 /* Assets.xcassets in Resources */,
			);
			runOnlyForDeploymentPostprocessing = 0;
		};
/* End PBXResourcesBuildPhase section */

/* Begin PBXSourcesBuildPhase section */
		EFABF1ED253C823200808BE0 /* Sources */ = {
			isa = PBXSourcesBuildPhase;
			buildActionMask = 2147483647;
			files = (
				EFABF1F7253C823200808BE0 /* ContentView.swift in Sources */,
				EFABF205253CE17B00808BE0 /* SleepySmurf1.mlmodel in Sources */,
				EFABF1F5253C823200808BE0 /* SleepySmurfApp.swift in Sources */,
			);
			runOnlyForDeploymentPostprocessing = 0;
		};
/* End PBXSourcesBuildPhase section */

/* Begin XCBuildConfiguration section */
		EFABF1FE253C823500808BE0 /* Debug */ = {
			isa = XCBuildConfiguration;
			buildSettings = {
				ALWAYS_SEARCH_USER_PATHS = NO;
				CLANG_ANALYZER_NONNULL = YES;
				CLANG_ANALYZER_NUMBER_OBJECT_CONVERSION = YES_AGGRESSIVE;
				CLANG_CXX_LANGUAGE_STANDARD = "gnu++14";
				CLANG_CXX_LIBRARY = "libc++";
				CLANG_ENABLE_MODULES = YES;
				CLANG_ENABLE_OBJC_ARC = YES;
				CLANG_ENABLE_OBJC_WEAK = YES;
				CLANG_WARN_BLOCK_CAPTURE_AUTORELEASING = YES;
				CLANG_WARN_BOOL_CONVERSION = YES;
				CLANG_WARN_COMMA = YES;
				CLANG_WARN_CONSTANT_CONVERSION = YES;
				CLANG_WARN_DEPRECATED_OBJC_IMPLEMENTATIONS = YES;
				CLANG_WARN_DIRECT_OBJC_ISA_USAGE = YES_ERROR;
				CLANG_WARN_DOCUMENTATION_COMMENTS = YES;
				CLANG_WARN_EMPTY_BODY = YES;
				CLANG_WARN_ENUM_CONVERSION = YES;
				CLANG_WARN_INFINITE_RECURSION = YES;
				CLANG_WARN_INT_CONVERSION = YES;
				CLANG_WARN_NON_LITERAL_NULL_CONVERSION = YES;
				CLANG_WARN_OBJC_IMPLICIT_RETAIN_SELF = YES;
				CLANG_WARN_OBJC_LITERAL_CONVERSION = YES;
				CLANG_WARN_OBJC_ROOT_CLASS = YES_ERROR;
				CLANG_WARN_QUOTED_INCLUDE_IN_FRAMEWORK_HEADER = YES;
				CLANG_WARN_RANGE_LOOP_ANALYSIS = YES;
				CLANG_WARN_STRICT_PROTOTYPES = YES;
				CLANG_WARN_SUSPICIOUS_MOVE = YES;
				CLANG_WARN_UNGUARDED_AVAILABILITY = YES_AGGRESSIVE;
				CLANG_WARN_UNREACHABLE_CODE = YES;
				CLANG_WARN__DUPLICATE_METHOD_MATCH = YES;
				COPY_PHASE_STRIP = NO;
				DEBUG_INFORMATION_FORMAT = dwarf;
				ENABLE_STRICT_OBJC_MSGSEND = YES;
				ENABLE_TESTABILITY = YES;
				GCC_C_LANGUAGE_STANDARD = gnu11;
				GCC_DYNAMIC_NO_PIC = NO;
				GCC_NO_COMMON_BLOCKS = YES;
				GCC_OPTIMIZATION_LEVEL = 0;
				GCC_PREPROCESSOR_DEFINITIONS = (
					"DEBUG=1",
					"$(inherited)",
				);
				GCC_WARN_64_TO_32_BIT_CONVERSION = YES;
				GCC_WARN_ABOUT_RETURN_TYPE = YES_ERROR;
				GCC_WARN_UNDECLARED_SELECTOR = YES;
				GCC_WARN_UNINITIALIZED_AUTOS = YES_AGGRESSIVE;
				GCC_WARN_UNUSED_FUNCTION = YES;
				GCC_WARN_UNUSED_VARIABLE = YES;
				IPHONEOS_DEPLOYMENT_TARGET = 14.0;
				MTL_ENABLE_DEBUG_INFO = INCLUDE_SOURCE;
				MTL_FAST_MATH = YES;
				ONLY_ACTIVE_ARCH = YES;
				SDKROOT = iphoneos;
				SWIFT_ACTIVE_COMPILATION_CONDITIONS = DEBUG;
				SWIFT_OPTIMIZATION_LEVEL = "-Onone";
			};
			name = Debug;
		};
		EFABF1FF253C823500808BE0 /* Release */ = {
			isa = XCBuildConfiguration;
			buildSettings = {
				ALWAYS_SEARCH_USER_PATHS = NO;
				CLANG_ANALYZER_NONNULL = YES;
				CLANG_ANALYZER_NUMBER_OBJECT_CONVERSION = YES_AGGRESSIVE;
				CLANG_CXX_LANGUAGE_STANDARD = "gnu++14";
				CLANG_CXX_LIBRARY = "libc++";
				CLANG_ENABLE_MODULES = YES;
				CLANG_ENABLE_OBJC_ARC = YES;
				CLANG_ENABLE_OBJC_WEAK = YES;
				CLANG_WARN_BLOCK_CAPTURE_AUTORELEASING = YES;
				CLANG_WARN_BOOL_CONVERSION = YES;
				CLANG_WARN_COMMA = YES;
				CLANG_WARN_CONSTANT_CONVERSION = YES;
				CLANG_WARN_DEPRECATED_OBJC_IMPLEMENTATIONS = YES;
				CLANG_WARN_DIRECT_OBJC_ISA_USAGE = YES_ERROR;
				CLANG_WARN_DOCUMENTATION_COMMENTS = YES;
				CLANG_WARN_EMPTY_BODY = YES;
				CLANG_WARN_ENUM_CONVERSION = YES;
				CLANG_WARN_INFINITE_RECURSION = YES;
				CLANG_WARN_INT_CONVERSION = YES;
				CLANG_WARN_NON_LITERAL_NULL_CONVERSION = YES;
				CLANG_WARN_OBJC_IMPLICIT_RETAIN_SELF = YES;
				CLANG_WARN_OBJC_LITERAL_CONVERSION = YES;
				CLANG_WARN_OBJC_ROOT_CLASS = YES_ERROR;
				CLANG_WARN_QUOTED_INCLUDE_IN_FRAMEWORK_HEADER = YES;
				CLANG_WARN_RANGE_LOOP_ANALYSIS = YES;
				CLANG_WARN_STRICT_PROTOTYPES = YES;
				CLANG_WARN_SUSPICIOUS_MOVE = YES;
				CLANG_WARN_UNGUARDED_AVAILABILITY = YES_AGGRESSIVE;
				CLANG_WARN_UNREACHABLE_CODE = YES;
				CLANG_WARN__DUPLICATE_METHOD_MATCH = YES;
				COPY_PHASE_STRIP = NO;
				DEBUG_INFORMATION_FORMAT = "dwarf-with-dsym";
				ENABLE_NS_ASSERTIONS = NO;
				ENABLE_STRICT_OBJC_MSGSEND = YES;
				GCC_C_LANGUAGE_STANDARD = gnu11;
				GCC_NO_COMMON_BLOCKS = YES;
				GCC_WARN_64_TO_32_BIT_CONVERSION = YES;
				GCC_WARN_ABOUT_RETURN_TYPE = YES_ERROR;
				GCC_WARN_UNDECLARED_SELECTOR = YES;
				GCC_WARN_UNINITIALIZED_AUTOS = YES_AGGRESSIVE;
				GCC_WARN_UNUSED_FUNCTION = YES;
				GCC_WARN_UNUSED_VARIABLE = YES;
				IPHONEOS_DEPLOYMENT_TARGET = 14.0;
				MTL_ENABLE_DEBUG_INFO = NO;
				MTL_FAST_MATH = YES;
				SDKROOT = iphoneos;
				SWIFT_COMPILATION_MODE = wholemodule;
				SWIFT_OPTIMIZATION_LEVEL = "-O";
				VALIDATE_PRODUCT = YES;
			};
			name = Release;
		};
		EFABF201253C823500808BE0 /* Debug */ = {
			isa = XCBuildConfiguration;
			buildSettings = {
				ASSETCATALOG_COMPILER_APPICON_NAME = AppIcon;
				ASSETCATALOG_COMPILER_GLOBAL_ACCENT_COLOR_NAME = AccentColor;
				CODE_SIGN_STYLE = Automatic;
				DEVELOPMENT_ASSET_PATHS = "\"SleepySmurf/Preview Content\"";
				DEVELOPMENT_TEAM = MR4FP3B2JD;
				ENABLE_PREVIEWS = YES;
				INFOPLIST_FILE = SleepySmurf/Info.plist;
				IPHONEOS_DEPLOYMENT_TARGET = 14.0;
				LD_RUNPATH_SEARCH_PATHS = (
					"$(inherited)",
					"@executable_path/Frameworks",
				);
				PRODUCT_BUNDLE_IDENTIFIER = com.metealpk.SleepySmurf;
				PRODUCT_NAME = "$(TARGET_NAME)";
				SWIFT_VERSION = 5.0;
				TARGETED_DEVICE_FAMILY = "1,2";
			};
			name = Debug;
		};
		EFABF202253C823500808BE0 /* Release */ = {
			isa = XCBuildConfiguration;
			buildSettings = {
				ASSETCATALOG_COMPILER_APPICON_NAME = AppIcon;
				ASSETCATALOG_COMPILER_GLOBAL_ACCENT_COLOR_NAME = AccentColor;
				CODE_SIGN_STYLE = Automatic;
				DEVELOPMENT_ASSET_PATHS = "\"SleepySmurf/Preview Content\"";
				DEVELOPMENT_TEAM = MR4FP3B2JD;
				ENABLE_PREVIEWS = YES;
				INFOPLIST_FILE = SleepySmurf/Info.plist;
				IPHONEOS_DEPLOYMENT_TARGET = 14.0;
				LD_RUNPATH_SEARCH_PATHS = (
					"$(inherited)",
					"@executable_path/Frameworks",
				);
				PRODUCT_BUNDLE_IDENTIFIER = com.metealpk.SleepySmurf;
				PRODUCT_NAME = "$(TARGET_NAME)";
				SWIFT_VERSION = 5.0;
				TARGETED_DEVICE_FAMILY = "1,2";
			};
			name = Release;
		};
/* End XCBuildConfiguration section */

/* Begin XCConfigurationList section */
		EFABF1EC253C823200808BE0 /* Build configuration list for PBXProject "SleepySmurf" */ = {
			isa = XCConfigurationList;
			buildConfigurations = (
				EFABF1FE253C823500808BE0 /* Debug */,
				EFABF1FF253C823500808BE0 /* Release */,
			);
			defaultConfigurationIsVisible = 0;
			defaultConfigurationName = Release;
		};
		EFABF200253C823500808BE0 /* Build configuration list for PBXNativeTarget "SleepySmurf" */ = {
			isa = XCConfigurationList;
			buildConfigurations = (
				EFABF201253C823500808BE0 /* Debug */,
				EFABF202253C823500808BE0 /* Release */,
			);
			defaultConfigurationIsVisible = 0;
			defaultConfigurationName = Release;
		};
/* End XCConfigurationList section */
	};
	rootObject = EFABF1E9253C823200808BE0 /* Project object */;
}
